
Microsoft Visual Studio Solution File, Format Version 12.00
# Visual Studio 2013
VisualStudioVersion = 12.0.21005.1
MinimumVisualStudioVersion = 10.0.40219.1
Project("{8BC9CEB8-8B4A-11D0-8D11-00A0C91BC942}") = "StereoScopicTest", "StereoScopicTest\StereoScopicTest.vcxproj", "{A80D8796-DA4A-4B14-9E30-5D7D44D7A1A9}"
EndProject
Project("{8BC9CEB8-8B4A-11D0-8D11-00A0C91BC942}") = "StereoVisionTwoCameras", "..\StereoVisionTwoCameras\StereoVisionTwoCameras\StereoVisionTwoCameras.vcxproj", "{B9C2B088-8EE6-4584-A79C-88FEC6235DD5}"
EndProject
Project("{8BC9CEB8-8B4A-11D0-8D11-00A0C91BC942}") = "StereoVisionTwoImages", "StereoVisionTwoImages\StereoVisionTwoImages.vcxproj", "{71D2FAB1-D995-40E3-8FF2-EB4F13EF7723}"
EndProject
Global
	GlobalSection(SolutionConfigurationPlatforms) = preSolution
		Debug|Win32 = Debug|Win32
		Release|Win32 = Release|Win32
	EndGlobalSection
	GlobalSection(ProjectConfigurationPlatforms) = postSolution
		{A80D8796-DA4A-4B14-9E30-5D7D44D7A1A9}.Debug|Win32.ActiveCfg = Debug|Win32
		{A80D8796-DA4A-4B14-9E30-5D7D44D7A1A9}.Debug|Win32.Build.0 = Debug|Win32
		{A80D8796-DA4A-4B14-9E30-5D7D44D7A1A9}.Release|Win32.ActiveCfg = Release|Win32
		{A80D8796-DA4A-4B14-9E30-5D7D44D7A1A9}.Release|Win32.Build.0 = Release|Win32
		{B9C2B088-8EE6-4584-A79C-88FEC6235DD5}.Debug|Win32.ActiveCfg = Debug|Win32
		{B9C2B088-8EE6-4584-A79C-88FEC6235DD5}.Debug|Win32.Build.0 = Debug|Win32
		{B9C2B088-8EE6-4584-A79C-88FEC6235DD5}.Release|Win32.ActiveCfg = Release|Win32
		{B9C2B088-8EE6-4584-A79C-88FEC6235DD5}.Release|Win32.Build.0 = Release|Win32
		{71D2FAB1-D995-40E3-8FF2-EB4F13EF7723}.Debug|Win32.ActiveCfg = Debug|Win32
		{71D2FAB1-D995-40E3-8FF2-EB4F13EF7723}.Debug|Win32.Build.0 = Debug|Win32
		{71D2FAB1-D995-40E3-8FF2-EB4F13EF7723}.Release|Win32.ActiveCfg = Release|Win32
		{71D2FAB1-D995-40E3-8FF2-EB4F13EF7723}.Release|Win32.Build.0 = Release|Win32
	EndGlobalSection
	GlobalSection(SolutionProperties) = preSolution
		HideSolutionNode = FALSE
	EndGlobalSection
EndGlobal
